// !$*UTF8*$!
{
	archiveVersion = 1;
	classes = {
	};
	objectVersion = 46;
	objects = {

/* Begin PBXBuildFile section */
		76673F591964938B00FB07DF /* AppDelegate.swift in Sources */ = {isa = PBXBuildFile; fileRef = 76673F581964938B00FB07DF /* AppDelegate.swift */; };
		76673F5B1964938B00FB07DF /* ViewController.swift in Sources */ = {isa = PBXBuildFile; fileRef = 76673F5A1964938B00FB07DF /* ViewController.swift */; };
		76673F5E1964938B00FB07DF /* Main.storyboard in Resources */ = {isa = PBXBuildFile; fileRef = 76673F5C1964938B00FB07DF /* Main.storyboard */; };
		76673F601964938B00FB07DF /* Images.xcassets in Resources */ = {isa = PBXBuildFile; fileRef = 76673F5F1964938B00FB07DF /* Images.xcassets */; };
		76673F6C1964938B00FB07DF /* CameraExerciseTests.swift in Sources */ = {isa = PBXBuildFile; fileRef = 76673F6B1964938B00FB07DF /* CameraExerciseTests.swift */; };
/* End PBXBuildFile section */

/* Begin PBXContainerItemProxy section */
		76673F661964938B00FB07DF /* PBXContainerItemProxy */ = {
			isa = PBXContainerItemProxy;
			containerPortal = 76673F4B1964938B00FB07DF /* Project object */;
			proxyType = 1;
			remoteGlobalIDString = 76673F521964938B00FB07DF;
			remoteInfo = CameraExercise;
		};
/* End PBXContainerItemProxy section */

/* Begin PBXFileReference section */
		76673F531964938B00FB07DF /* CameraExercise.app */ = {isa = PBXFileReference; explicitFileType = wrapper.application; includeInIndex = 0; path = CameraExercise.app; sourceTree = BUILT_PRODUCTS_DIR; };
		76673F571964938B00FB07DF /* Info.plist */ = {isa = PBXFileReference; lastKnownFileType = text.plist.xml; path = Info.plist; sourceTree = "<group>"; };
		76673F581964938B00FB07DF /* AppDelegate.swift */ = {isa = PBXFileReference; lastKnownFileType = sourcecode.swift; path = AppDelegate.swift; sourceTree = "<group>"; };
		76673F5A1964938B00FB07DF /* ViewController.swift */ = {isa = PBXFileReference; lastKnownFileType = sourcecode.swift; path = ViewController.swift; sourceTree = "<group>"; };
		76673F5D1964938B00FB07DF /* Base */ = {isa = PBXFileReference; lastKnownFileType = file.storyboard; name = Base; path = Base.lproj/Main.storyboard; sourceTree = "<group>"; };
		76673F5F1964938B00FB07DF /* Images.xcassets */ = {isa = PBXFileReference; lastKnownFileType = folder.assetcatalog; path = Images.xcassets; sourceTree = "<group>"; };
		76673F651964938B00FB07DF /* CameraExerciseTests.xctest */ = {isa = PBXFileReference; explicitFileType = wrapper.cfbundle; includeInIndex = 0; path = CameraExerciseTests.xctest; sourceTree = BUILT_PRODUCTS_DIR; };
		76673F6A1964938B00FB07DF /* Info.plist */ = {isa = PBXFileReference; lastKnownFileType = text.plist.xml; path = Info.plist; sourceTree = "<group>"; };
		76673F6B1964938B00FB07DF /* CameraExerciseTests.swift */ = {isa = PBXFileReference; lastKnownFileType = sourcecode.swift; path = CameraExerciseTests.swift; sourceTree = "<group>"; };
/* End PBXFileReference section */

/* Begin PBXFrameworksBuildPhase section */
		76673F501964938B00FB07DF /* Frameworks */ = {
			isa = PBXFrameworksBuildPhase;
			buildActionMask = 2147483647;
			files = (
			);
			runOnlyForDeploymentPostprocessing = 0;
		};
		76673F621964938B00FB07DF /* Frameworks */ = {
			isa = PBXFrameworksBuildPhase;
			buildActionMask = 2147483647;
			files = (
			);
			runOnlyForDeploymentPostprocessing = 0;
		};
/* End PBXFrameworksBuildPhase section */

/* Begin PBXGroup section */
		76673F4A1964938B00FB07DF = {
			isa = PBXGroup;
			children = (
				76673F551964938B00FB07DF /* CameraExercise */,
				76673F681964938B00FB07DF /* CameraExerciseTests */,
				76673F541964938B00FB07DF /* Products */,
			);
			sourceTree = "<group>";
		};
		76673F541964938B00FB07DF /* Products */ = {
			isa = PBXGroup;
			children = (
				76673F531964938B00FB07DF /* CameraExercise.app */,
				76673F651964938B00FB07DF /* CameraExerciseTests.xctest */,
			);
			name = Products;
			sourceTree = "<group>";
		};
		76673F551964938B00FB07DF /* CameraExercise */ = {
			isa = PBXGroup;
			children = (
				76673F581964938B00FB07DF /* AppDelegate.swift */,
				76673F5A1964938B00FB07DF /* ViewController.swift */,
				76673F5C1964938B00FB07DF /* Main.storyboard */,
				76673F5F1964938B00FB07DF /* Images.xcassets */,
				76673F561964938B00FB07DF /* Supporting Files */,
			);
			path = CameraExercise;
			sourceTree = "<group>";
		};
		76673F561964938B00FB07DF /* Supporting Files */ = {
			isa = PBXGroup;
			children = (
				76673F571964938B00FB07DF /* Info.plist */,
			);
			name = "Supporting Files";
			sourceTree = "<group>";
		};
		76673F681964938B00FB07DF /* CameraExerciseTests */ = {
			isa = PBXGroup;
			children = (
				76673F6B1964938B00FB07DF /* CameraExerciseTests.swift */,
				76673F691964938B00FB07DF /* Supporting Files */,
			);
			path = CameraExerciseTests;
			sourceTree = "<group>";
		};
		76673F691964938B00FB07DF /* Supporting Files */ = {
			isa = PBXGroup;
			children = (
				76673F6A1964938B00FB07DF /* Info.plist */,
			);
			name = "Supporting Files";
			sourceTree = "<group>";
		};
/* End PBXGroup section */

/* Begin PBXNativeTarget section */
		76673F521964938B00FB07DF /* CameraExercise */ = {
			isa = PBXNativeTarget;
			buildConfigurationList = 76673F6F1964938B00FB07DF /* Build configuration list for PBXNativeTarget "CameraExercise" */;
			buildPhases = (
				76673F4F1964938B00FB07DF /* Sources */,
				76673F501964938B00FB07DF /* Frameworks */,
				76673F511964938B00FB07DF /* Resources */,
			);
			buildRules = (
			);
			dependencies = (
			);
			name = CameraExercise;
			productName = CameraExercise;
			productReference = 76673F531964938B00FB07DF /* CameraExercise.app */;
			productType = "com.apple.product-type.application";
		};
		76673F641964938B00FB07DF /* CameraExerciseTests */ = {
			isa = PBXNativeTarget;
			buildConfigurationList = 76673F721964938B00FB07DF /* Build configuration list for PBXNativeTarget "CameraExerciseTests" */;
			buildPhases = (
				76673F611964938B00FB07DF /* Sources */,
				76673F621964938B00FB07DF /* Frameworks */,
				76673F631964938B00FB07DF /* Resources */,
			);
			buildRules = (
			);
			dependencies = (
				76673F671964938B00FB07DF /* PBXTargetDependency */,
			);
			name = CameraExerciseTests;
			productName = CameraExerciseTests;
			productReference = 76673F651964938B00FB07DF /* CameraExerciseTests.xctest */;
			productType = "com.apple.product-type.bundle.unit-test";
		};
/* End PBXNativeTarget section */

/* Begin PBXProject section */
		76673F4B1964938B00FB07DF /* Project object */ = {
			isa = PBXProject;
			attributes = {
				LastUpgradeCheck = 0600;
				ORGANIZATIONNAME = sushiGrass;
				TargetAttributes = {
					76673F521964938B00FB07DF = {
						CreatedOnToolsVersion = 6.0;
					};
					76673F641964938B00FB07DF = {
						CreatedOnToolsVersion = 6.0;
						TestTargetID = 76673F521964938B00FB07DF;
					};
				};
			};
			buildConfigurationList = 76673F4E1964938B00FB07DF /* Build configuration list for PBXProject "CameraExercise" */;
			compatibilityVersion = "Xcode 3.2";
			developmentRegion = English;
			hasScannedForEncodings = 0;
			knownRegions = (
				en,
				Base,
			);
			mainGroup = 76673F4A1964938B00FB07DF;
			productRefGroup = 76673F541964938B00FB07DF /* Products */;
			projectDirPath = "";
			projectRoot = "";
			targets = (
				76673F521964938B00FB07DF /* CameraExercise */,
				76673F641964938B00FB07DF /* CameraExerciseTests */,
			);
		};
/* End PBXProject section */

/* Begin PBXResourcesBuildPhase section */
		76673F511964938B00FB07DF /* Resources */ = {
			isa = PBXResourcesBuildPhase;
			buildActionMask = 2147483647;
			files = (
				76673F5E1964938B00FB07DF /* Main.storyboard in Resources */,
				76673F601964938B00FB07DF /* Images.xcassets in Resources */,
			);
			runOnlyForDeploymentPostprocessing = 0;
		};
		76673F631964938B00FB07DF /* Resources */ = {
			isa = PBXResourcesBuildPhase;
			buildActionMask = 2147483647;
			files = (
			);
			runOnlyForDeploymentPostprocessing = 0;
		};
/* End PBXResourcesBuildPhase section */

/* Begin PBXSourcesBuildPhase section */
		76673F4F1964938B00FB07DF /* Sources */ = {
			isa = PBXSourcesBuildPhase;
			buildActionMask = 2147483647;
			files = (
				76673F5B1964938B00FB07DF /* ViewController.swift in Sources */,
				76673F591964938B00FB07DF /* AppDelegate.swift in Sources */,
			);
			runOnlyForDeploymentPostprocessing = 0;
		};
		76673F611964938B00FB07DF /* Sources */ = {
			isa = PBXSourcesBuildPhase;
			buildActionMask = 2147483647;
			files = (
				76673F6C1964938B00FB07DF /* CameraExerciseTests.swift in Sources */,
			);
			runOnlyForDeploymentPostprocessing = 0;
		};
/* End PBXSourcesBuildPhase section */

/* Begin PBXTargetDependency section */
		76673F671964938B00FB07DF /* PBXTargetDependency */ = {
			isa = PBXTargetDependency;
			target = 76673F521964938B00FB07DF /* CameraExercise */;
			targetProxy = 76673F661964938B00FB07DF /* PBXContainerItemProxy */;
		};
/* End PBXTargetDependency section */

/* Begin PBXVariantGroup section */
		76673F5C1964938B00FB07DF /* Main.storyboard */ = {
			isa = PBXVariantGroup;
			children = (
				76673F5D1964938B00FB07DF /* Base */,
			);
			name = Main.storyboard;
			sourceTree = "<group>";
		};
/* End PBXVariantGroup section */

/* Begin XCBuildConfiguration section */
		76673F6D1964938B00FB07DF /* Debug */ = {
			isa = XCBuildConfiguration;
			buildSettings = {
				ALWAYS_SEARCH_USER_PATHS = NO;
				CLANG_CXX_LANGUAGE_STANDARD = "gnu++0x";
				CLANG_CXX_LIBRARY = "libc++";
				CLANG_ENABLE_MODULES = YES;
				CLANG_ENABLE_OBJC_ARC = YES;
				CLANG_WARN_BOOL_CONVERSION = YES;
				CLANG_WARN_CONSTANT_CONVERSION = YES;
				CLANG_WARN_DIRECT_OBJC_ISA_USAGE = YES_ERROR;
				CLANG_WARN_EMPTY_BODY = YES;
				CLANG_WARN_ENUM_CONVERSION = YES;
				CLANG_WARN_INT_CONVERSION = YES;
				CLANG_WARN_OBJC_ROOT_CLASS = YES_ERROR;
				CLANG_WARN_UNREACHABLE_CODE = YES;
				CLANG_WARN__DUPLICATE_METHOD_MATCH = YES;
				"CODE_SIGN_IDENTITY[sdk=iphoneos*]" = "iPhone Developer";
				COPY_PHASE_STRIP = NO;
				ENABLE_STRICT_OBJC_MSGSEND = YES;
				GCC_C_LANGUAGE_STANDARD = gnu99;
				GCC_DYNAMIC_NO_PIC = NO;
				GCC_OPTIMIZATION_LEVEL = 0;
				GCC_PREPROCESSOR_DEFINITIONS = (
					"DEBUG=1",
					"$(inherited)",
				);
				GCC_SYMBOLS_PRIVATE_EXTERN = NO;
				GCC_WARN_64_TO_32_BIT_CONVERSION = YES;
				GCC_WARN_ABOUT_RETURN_TYPE = YES_ERROR;
				GCC_WARN_UNDECLARED_SELECTOR = YES;
				GCC_WARN_UNINITIALIZED_AUTOS = YES_AGGRESSIVE;
				GCC_WARN_UNUSED_FUNCTION = YES;
				GCC_WARN_UNUSED_VARIABLE = YES;
				IPHONEOS_DEPLOYMENT_TARGET = 8.0;
				METAL_ENABLE_DEBUG_INFO = YES;
				ONLY_ACTIVE_ARCH = YES;
				SDKROOT = iphoneos;
				SWIFT_OPTIMIZATION_LEVEL = "-Onone";
			};
			name = Debug;
		};
		76673F6E1964938B00FB07DF /* Release */ = {
			isa = XCBuildConfiguration;
			buildSettings = {
				ALWAYS_SEARCH_USER_PATHS = NO;
				CLANG_CXX_LANGUAGE_STANDARD = "gnu++0x";
				CLANG_CXX_LIBRARY = "libc++";
				CLANG_ENABLE_MODULES = YES;
				CLANG_ENABLE_OBJC_ARC = YES;
				CLANG_WARN_BOOL_CONVERSION = YES;
				CLANG_WARN_CONSTANT_CONVERSION = YES;
				CLANG_WARN_DIRECT_OBJC_ISA_USAGE = YES_ERROR;
				CLANG_WARN_EMPTY_BODY = YES;
				CLANG_WARN_ENUM_CONVERSION = YES;
				CLANG_WARN_INT_CONVERSION = YES;
				CLANG_WARN_OBJC_ROOT_CLASS = YES_ERROR;
				CLANG_WARN_UNREACHABLE_CODE = YES;
				CLANG_WARN__DUPLICATE_METHOD_MATCH = YES;
				"CODE_SIGN_IDENTITY[sdk=iphoneos*]" = "iPhone Developer";
				COPY_PHASE_STRIP = YES;
				ENABLE_NS_ASSERTIONS = NO;
				ENABLE_STRICT_OBJC_MSGSEND = YES;
				GCC_C_LANGUAGE_STANDARD = gnu99;
				GCC_WARN_64_TO_32_BIT_CONVERSION = YES;
				GCC_WARN_ABOUT_RETURN_TYPE = YES_ERROR;
				GCC_WARN_UNDECLARED_SELECTOR = YES;
				GCC_WARN_UNINITIALIZED_AUTOS = YES_AGGRESSIVE;
				GCC_WARN_UNUSED_FUNCTION = YES;
				GCC_WARN_UNUSED_VARIABLE = YES;
				IPHONEOS_DEPLOYMENT_TARGET = 8.0;
				METAL_ENABLE_DEBUG_INFO = NO;
				SDKROOT = iphoneos;
				VALIDATE_PRODUCT = YES;
			};
			name = Release;
		};
		76673F701964938B00FB07DF /* Debug */ = {
			isa = XCBuildConfiguration;
			buildSettings = {
				ASSETCATALOG_COMPILER_APPICON_NAME = AppIcon;
				ASSETCATALOG_COMPILER_LAUNCHIMAGE_NAME = LaunchImage;
				INFOPLIST_FILE = CameraExercise/Info.plist;
				LD_RUNPATH_SEARCH_PATHS = "$(inherited) @executable_path/Frameworks";
				PRODUCT_NAME = "$(TARGET_NAME)";
			};
			name = Debug;
		};
		76673F711964938B00FB07DF /* Release */ = {
			isa = XCBuildConfiguration;
			buildSettings = {
				ASSETCATALOG_COMPILER_APPICON_NAME = AppIcon;
				ASSETCATALOG_COMPILER_LAUNCHIMAGE_NAME = LaunchImage;
				INFOPLIST_FILE = CameraExercise/Info.plist;
				LD_RUNPATH_SEARCH_PATHS = "$(inherited) @executable_path/Frameworks";
				PRODUCT_NAME = "$(TARGET_NAME)";
			};
			name = Release;
		};
		76673F731964938B00FB07DF /* Debug */ = {
			isa = XCBuildConfiguration;
			buildSettings = {
				BUNDLE_LOADER = "$(BUILT_PRODUCTS_DIR)/CameraExercise.app/CameraExercise";
				FRAMEWORK_SEARCH_PATHS = (
					"$(SDKROOT)/Developer/Library/Frameworks",
					"$(inherited)",
				);
				GCC_PREPROCESSOR_DEFINITIONS = (
					"DEBUG=1",
					"$(inherited)",
				);
				INFOPLIST_FILE = CameraExerciseTests/Info.plist;
				LD_RUNPATH_SEARCH_PATHS = "$(inherited) @executable_path/Frameworks @loader_path/Frameworks";
				METAL_ENABLE_DEBUG_INFO = YES;
				PRODUCT_NAME = "$(TARGET_NAME)";
				TEST_HOST = "$(BUNDLE_LOADER)";
			};
			name = Debug;
		};
		76673F741964938B00FB07DF /* Release */ = {
			isa = XCBuildConfiguration;
			buildSettings = {
				BUNDLE_LOADER = "$(BUILT_PRODUCTS_DIR)/CameraExercise.app/CameraExercise";
				FRAMEWORK_SEARCH_PATHS = (
					"$(SDKROOT)/Developer/Library/Frameworks",
					"$(inherited)",
				);
				INFOPLIST_FILE = CameraExerciseTests/Info.plist;
				LD_RUNPATH_SEARCH_PATHS = "$(inherited) @executable_path/Frameworks @loader_path/Frameworks";
				METAL_ENABLE_DEBUG_INFO = NO;
				PRODUCT_NAME = "$(TARGET_NAME)";
				TEST_HOST = "$(BUNDLE_LOADER)";
			};
			name = Release;
		};
/* End XCBuildConfiguration section */

/* Begin XCConfigurationList section */
		76673F4E1964938B00FB07DF /* Build configuration list for PBXProject "CameraExercise" */ = {
			isa = XCConfigurationList;
			buildConfigurations = (
				76673F6D1964938B00FB07DF /* Debug */,
				76673F6E1964938B00FB07DF /* Release */,
			);
			defaultConfigurationIsVisible = 0;
			defaultConfigurationName = Release;
		};
		76673F6F1964938B00FB07DF /* Build configuration list for PBXNativeTarget "CameraExercise" */ = {
			isa = XCConfigurationList;
			buildConfigurations = (
				76673F701964938B00FB07DF /* Debug */,
				76673F711964938B00FB07DF /* Release */,
			);
			defaultConfigurationIsVisible = 0;
		};
		76673F721964938B00FB07DF /* Build configuration list for PBXNativeTarget "CameraExerciseTests" */ = {
			isa = XCConfigurationList;
			buildConfigurations = (
				76673F731964938B00FB07DF /* Debug */,
				76673F741964938B00FB07DF /* Release */,
			);
			defaultConfigurationIsVisible = 0;
		};
/* End XCConfigurationList section */
	};
	rootObject = 76673F4B1964938B00FB07DF /* Project object */;
}
